
Microsoft Visual Studio Solution File, Format Version 12.00
# Visual Studio Version 17
VisualStudioVersion = 17.8.34525.116
MinimumVisualStudioVersion = 10.0.40219.1
Project("{FAE04EC0-301F-11D3-BF4B-00C04F79EFBC}") = "WeatherApp", "WeatherApp\WeatherApp.csproj", "{FACD6CDC-24BD-4DBE-A226-FFE0C1E8CC4A}"
EndProject
Global
	GlobalSection(SolutionConfigurationPlatforms) = preSolution
		Debug|Any CPU = Debug|Any CPU
		Release|Any CPU = Release|Any CPU
	EndGlobalSection
	GlobalSection(ProjectConfigurationPlatforms) = postSolution
		{FACD6CDC-24BD-4DBE-A226-FFE0C1E8CC4A}.Debug|Any CPU.ActiveCfg = Debug|Any CPU
		{FACD6CDC-24BD-4DBE-A226-FFE0C1E8CC4A}.Debug|Any CPU.Build.0 = Debug|Any CPU
		{FACD6CDC-24BD-4DBE-A226-FFE0C1E8CC4A}.Release|Any CPU.ActiveCfg = Release|Any CPU
		{FACD6CDC-24BD-4DBE-A226-FFE0C1E8CC4A}.Release|Any CPU.Build.0 = Release|Any CPU
	EndGlobalSection
	GlobalSection(SolutionProperties) = preSolution
		HideSolutionNode = FALSE
	EndGlobalSection
	GlobalSection(ExtensibilityGlobals) = postSolution
		SolutionGuid = {B91E7230-F58F-4B5D-B2F0-A8E5E77FC6C2}
	EndGlobalSection
EndGlobal
