
Microsoft Visual Studio Solution File, Format Version 12.00
# Visual Studio Version 17
VisualStudioVersion = 17.8.34525.116
MinimumVisualStudioVersion = 10.0.40219.1
Project("{FAE04EC0-301F-11D3-BF4B-00C04F79EFBC}") = "Server", "Server\Server.csproj", "{EC3A8EEC-3E15-4E34-A7C3-C33B6F34A819}"
EndProject
Project("{FAE04EC0-301F-11D3-BF4B-00C04F79EFBC}") = "Client", "..\Client\Client.csproj", "{3F099081-026F-4173-A66C-8463DD1BFA12}"
EndProject
Global
	GlobalSection(SolutionConfigurationPlatforms) = preSolution
		Debug|Any CPU = Debug|Any CPU
		Release|Any CPU = Release|Any CPU
	EndGlobalSection
	GlobalSection(ProjectConfigurationPlatforms) = postSolution
		{EC3A8EEC-3E15-4E34-A7C3-C33B6F34A819}.Debug|Any CPU.ActiveCfg = Debug|Any CPU
		{EC3A8EEC-3E15-4E34-A7C3-C33B6F34A819}.Debug|Any CPU.Build.0 = Debug|Any CPU
		{EC3A8EEC-3E15-4E34-A7C3-C33B6F34A819}.Release|Any CPU.ActiveCfg = Release|Any CPU
		{EC3A8EEC-3E15-4E34-A7C3-C33B6F34A819}.Release|Any CPU.Build.0 = Release|Any CPU
		{3F099081-026F-4173-A66C-8463DD1BFA12}.Debug|Any CPU.ActiveCfg = Debug|Any CPU
		{3F099081-026F-4173-A66C-8463DD1BFA12}.Debug|Any CPU.Build.0 = Debug|Any CPU
		{3F099081-026F-4173-A66C-8463DD1BFA12}.Release|Any CPU.ActiveCfg = Release|Any CPU
		{3F099081-026F-4173-A66C-8463DD1BFA12}.Release|Any CPU.Build.0 = Release|Any CPU
	EndGlobalSection
	GlobalSection(SolutionProperties) = preSolution
		HideSolutionNode = FALSE
	EndGlobalSection
	GlobalSection(ExtensibilityGlobals) = postSolution
		SolutionGuid = {4B4C55CC-8409-427A-8C0A-ED1BCAFFCED2}
	EndGlobalSection
EndGlobal
